
Microsoft Visual Studio Solution File, Format Version 12.00
# Visual Studio Version 17
VisualStudioVersion = 17.7.34024.191
MinimumVisualStudioVersion = 10.0.40219.1
Project("{FAE04EC0-301F-11D3-BF4B-00C04F79EFBC}") = "JqueryCallWebApi", "JqueryCallWebApi\JqueryCallWebApi.csproj", "{C1F096EE-F38B-43A2-AA5A-EF29A1DF1462}"
EndProject
Global
	GlobalSection(SolutionConfigurationPlatforms) = preSolution
		Debug|Any CPU = Debug|Any CPU
		Release|Any CPU = Release|Any CPU
	EndGlobalSection
	GlobalSection(ProjectConfigurationPlatforms) = postSolution
		{C1F096EE-F38B-43A2-AA5A-EF29A1DF1462}.Debug|Any CPU.ActiveCfg = Debug|Any CPU
		{C1F096EE-F38B-43A2-AA5A-EF29A1DF1462}.Debug|Any CPU.Build.0 = Debug|Any CPU
		{C1F096EE-F38B-43A2-AA5A-EF29A1DF1462}.Release|Any CPU.ActiveCfg = Release|Any CPU
		{C1F096EE-F38B-43A2-AA5A-EF29A1DF1462}.Release|Any CPU.Build.0 = Release|Any CPU
	EndGlobalSection
	GlobalSection(SolutionProperties) = preSolution
		HideSolutionNode = FALSE
	EndGlobalSection
	GlobalSection(ExtensibilityGlobals) = postSolution
		SolutionGuid = {C3BC95F7-D340-405B-BBC1-A2A1F90E584E}
	EndGlobalSection
EndGlobal
